
Microsoft Visual Studio Solution File, Format Version 11.00
# Visual Studio 2010
Project("{FAE04EC0-301F-11D3-BF4B-00C04F79EFBC}") = "Web_Zarao", "Web_Zarao\Web_Zarao.csproj", "{478D439A-3241-4172-89EA-AC2CBA529583}"
EndProject
Project("{FAE04EC0-301F-11D3-BF4B-00C04F79EFBC}") = "Desktop_zarao", "Desktop_zarao\Desktop_zarao.csproj", "{5AAF07EE-2C91-42BA-8ED7-A4CF18709631}"
EndProject
Project("{2150E333-8FDC-42A3-9474-1A3956D46DE8}") = "Solution Items", "Solution Items", "{A54FB89B-B118-49C9-A3A2-A75D57D76F2B}"
EndProject
Global
	GlobalSection(SolutionConfigurationPlatforms) = preSolution
		Debug|Any CPU = Debug|Any CPU
		Debug|Mixed Platforms = Debug|Mixed Platforms
		Debug|x86 = Debug|x86
		Release|Any CPU = Release|Any CPU
		Release|Mixed Platforms = Release|Mixed Platforms
		Release|x86 = Release|x86
	EndGlobalSection
	GlobalSection(ProjectConfigurationPlatforms) = postSolution
		{478D439A-3241-4172-89EA-AC2CBA529583}.Debug|Any CPU.ActiveCfg = Debug|Any CPU
		{478D439A-3241-4172-89EA-AC2CBA529583}.Debug|Any CPU.Build.0 = Debug|Any CPU
		{478D439A-3241-4172-89EA-AC2CBA529583}.Debug|Mixed Platforms.ActiveCfg = Debug|Any CPU
		{478D439A-3241-4172-89EA-AC2CBA529583}.Debug|Mixed Platforms.Build.0 = Debug|Any CPU
		{478D439A-3241-4172-89EA-AC2CBA529583}.Debug|x86.ActiveCfg = Debug|Any CPU
		{478D439A-3241-4172-89EA-AC2CBA529583}.Release|Any CPU.ActiveCfg = Release|Any CPU
		{478D439A-3241-4172-89EA-AC2CBA529583}.Release|Any CPU.Build.0 = Release|Any CPU
		{478D439A-3241-4172-89EA-AC2CBA529583}.Release|Mixed Platforms.ActiveCfg = Release|Any CPU
		{478D439A-3241-4172-89EA-AC2CBA529583}.Release|Mixed Platforms.Build.0 = Release|Any CPU
		{478D439A-3241-4172-89EA-AC2CBA529583}.Release|x86.ActiveCfg = Release|Any CPU
		{5AAF07EE-2C91-42BA-8ED7-A4CF18709631}.Debug|Any CPU.ActiveCfg = Debug|x86
		{5AAF07EE-2C91-42BA-8ED7-A4CF18709631}.Debug|Mixed Platforms.ActiveCfg = Debug|x86
		{5AAF07EE-2C91-42BA-8ED7-A4CF18709631}.Debug|Mixed Platforms.Build.0 = Debug|x86
		{5AAF07EE-2C91-42BA-8ED7-A4CF18709631}.Debug|x86.ActiveCfg = Debug|x86
		{5AAF07EE-2C91-42BA-8ED7-A4CF18709631}.Debug|x86.Build.0 = Debug|x86
		{5AAF07EE-2C91-42BA-8ED7-A4CF18709631}.Release|Any CPU.ActiveCfg = Release|x86
		{5AAF07EE-2C91-42BA-8ED7-A4CF18709631}.Release|Mixed Platforms.ActiveCfg = Release|x86
		{5AAF07EE-2C91-42BA-8ED7-A4CF18709631}.Release|Mixed Platforms.Build.0 = Release|x86
		{5AAF07EE-2C91-42BA-8ED7-A4CF18709631}.Release|x86.ActiveCfg = Release|x86
		{5AAF07EE-2C91-42BA-8ED7-A4CF18709631}.Release|x86.Build.0 = Release|x86
	EndGlobalSection
	GlobalSection(SolutionProperties) = preSolution
		HideSolutionNode = FALSE
	EndGlobalSection
EndGlobal
